// !$*UTF8*$!
{
	archiveVersion = 1;
	classes = {
	};
	objectVersion = 54;
	objects = {

/* Begin PBXBuildFile section */
		0012EA8AD9E97B1529898BE3 /* PrivacyInfo.xcprivacy in Resources */ = {isa = PBXBuildFile; fileRef = 13B07FB81A68108700A75B9A /* PrivacyInfo.xcprivacy */; };
		09C1D3B9BF9D4295B8719721 /* OpenSans-Italic.ttf in Resources */ = {isa = PBXBuildFile; fileRef = 60363B0B43D04BAFB3C7E5ED /* OpenSans-Italic.ttf */; };
		13B07FBF1A68108700A75B9A /* Images.xcassets in Resources */ = {isa = PBXBuildFile; fileRef = 13B07FB51A68108700A75B9A /* Images.xcassets */; };
		237AE964CFB24566A80D8F70 /* SFProDisplay-Black.ttf in Resources */ = {isa = PBXBuildFile; fileRef = 943A229D07674136BF4B0563 /* SFProDisplay-Black.ttf */; };
		35722E07156E4659A8CCB33E /* SFProDisplay-Semibold.ttf in Resources */ = {isa = PBXBuildFile; fileRef = BE1568C91C004E67B3899581 /* SFProDisplay-Semibold.ttf */; };
		40EB2D7074C8445BA843D4F3 /* OpenSans-Medium.ttf in Resources */ = {isa = PBXBuildFile; fileRef = 98B37816041A4E099CF7919B /* OpenSans-Medium.ttf */; };
		4651A0904DA74C438D152C73 /* OpenSans-MediumItalic.ttf in Resources */ = {isa = PBXBuildFile; fileRef = 7CFF71B453E94583A16EB242 /* OpenSans-MediumItalic.ttf */; };
		50C4208CE6924101BA1D12D1 /* OpenSans-ExtraBoldItalic.ttf in Resources */ = {isa = PBXBuildFile; fileRef = 63BC8E3CD2084F59A572BF04 /* OpenSans-ExtraBoldItalic.ttf */; };
		51FCB9C7CF95428683040147 /* OpenSans-BoldItalic.ttf in Resources */ = {isa = PBXBuildFile; fileRef = D6F2F312393B4BECB068DD95 /* OpenSans-BoldItalic.ttf */; };
		61C4EDC5353244B6BDAD91E1 /* OpenSans-LightItalic.ttf in Resources */ = {isa = PBXBuildFile; fileRef = 4C5F3A8588584C32A81B4CA3 /* OpenSans-LightItalic.ttf */; };
		68C7A21AB4F042C1B20CEEED /* OpenSans-SemiBold.ttf in Resources */ = {isa = PBXBuildFile; fileRef = F5C8C37E7EE44BCD92590A1D /* OpenSans-SemiBold.ttf */; };
		70D1471A305D4CB18D9D220B /* OpenSans-ExtraBold.ttf in Resources */ = {isa = PBXBuildFile; fileRef = 4BB7EF723A764B8B8A069352 /* OpenSans-ExtraBold.ttf */; };
		761780ED2CA45674006654EE /* AppDelegate.swift in Sources */ = {isa = PBXBuildFile; fileRef = 761780EC2CA45674006654EE /* AppDelegate.swift */; };
		81AB9BB82411601600AC10FF /* LaunchScreen.storyboard in Resources */ = {isa = PBXBuildFile; fileRef = 81AB9BB72411601600AC10FF /* LaunchScreen.storyboard */; };
		881ED144D0644D8087638172 /* SFProDisplay-Bold.ttf in Resources */ = {isa = PBXBuildFile; fileRef = 809EBDADC09E47C082C2101E /* SFProDisplay-Bold.ttf */; };
		95C38E87EC3648D986090E34 /* OpenSans-Bold.ttf in Resources */ = {isa = PBXBuildFile; fileRef = 2B2DE66CC3E6405F90C8BB12 /* OpenSans-Bold.ttf */; };
		9B136A00C213446BB68F9850 /* OpenSans-Regular.ttf in Resources */ = {isa = PBXBuildFile; fileRef = F5A047568BF847099ACEE788 /* OpenSans-Regular.ttf */; };
		9C2C5377CA0442658E735249 /* SFProDisplay-Medium.ttf in Resources */ = {isa = PBXBuildFile; fileRef = 0CC8C0F676F0416592F93F61 /* SFProDisplay-Medium.ttf */; };
		A6C8F495E4804D20960BDE8D /* SFProDisplay-Regular.ttf in Resources */ = {isa = PBXBuildFile; fileRef = E672066884844B20800F9371 /* SFProDisplay-Regular.ttf */; };
		BEEEFF9D1BF2370031548937 /* libPods-IPTV.a in Frameworks */ = {isa = PBXBuildFile; fileRef = 62D4CC78F34D11B24799C767 /* libPods-IPTV.a */; };
		BFDECC06911146AE84731FC7 /* SFProDisplay-Thin.ttf in Resources */ = {isa = PBXBuildFile; fileRef = 0E7ADF803A134BC28D98F4F1 /* SFProDisplay-Thin.ttf */; };
		C902AB9322FB4A9EB4586C7F /* SFProDisplay-RegularItalic.ttf in Resources */ = {isa = PBXBuildFile; fileRef = 3A2D2A269AEF430599FD6E10 /* SFProDisplay-RegularItalic.ttf */; };
		F3BC9DD985D74A0C9B23B10C /* OpenSans-Light.ttf in Resources */ = {isa = PBXBuildFile; fileRef = B511BFB1E55A45E9BFF94F81 /* OpenSans-Light.ttf */; };
		FC79C9425E1A49C6B79AAED8 /* SFProDisplay-Light.ttf in Resources */ = {isa = PBXBuildFile; fileRef = 3507A512E8E54F52B36716B4 /* SFProDisplay-Light.ttf */; };
		FE3F4D501659496590171C38 /* OpenSans-SemiBoldItalic.ttf in Resources */ = {isa = PBXBuildFile; fileRef = 76EA5F98A67A4060BD1B0F26 /* OpenSans-SemiBoldItalic.ttf */; };
/* End PBXBuildFile section */

/* Begin PBXFileReference section */
		0CC8C0F676F0416592F93F61 /* SFProDisplay-Medium.ttf */ = {isa = PBXFileReference; explicitFileType = undefined; fileEncoding = undefined; includeInIndex = 0; lastKnownFileType = unknown; name = "SFProDisplay-Medium.ttf"; path = "../app/assets/fonts/sf-pro-display/SFProDisplay-Medium.ttf"; sourceTree = "<group>"; };
		0E7ADF803A134BC28D98F4F1 /* SFProDisplay-Thin.ttf */ = {isa = PBXFileReference; explicitFileType = undefined; fileEncoding = undefined; includeInIndex = 0; lastKnownFileType = unknown; name = "SFProDisplay-Thin.ttf"; path = "../app/assets/fonts/sf-pro-display/SFProDisplay-Thin.ttf"; sourceTree = "<group>"; };
		13B07F961A680F5B00A75B9A /* IPTV.app */ = {isa = PBXFileReference; explicitFileType = wrapper.application; includeInIndex = 0; path = IPTV.app; sourceTree = BUILT_PRODUCTS_DIR; };
		13B07FB51A68108700A75B9A /* Images.xcassets */ = {isa = PBXFileReference; lastKnownFileType = folder.assetcatalog; name = Images.xcassets; path = IPTV/Images.xcassets; sourceTree = "<group>"; };
		13B07FB61A68108700A75B9A /* Info.plist */ = {isa = PBXFileReference; fileEncoding = 4; lastKnownFileType = text.plist.xml; name = Info.plist; path = IPTV/Info.plist; sourceTree = "<group>"; };
		13B07FB81A68108700A75B9A /* PrivacyInfo.xcprivacy */ = {isa = PBXFileReference; fileEncoding = 4; lastKnownFileType = text.plist.xml; name = PrivacyInfo.xcprivacy; path = IPTV/PrivacyInfo.xcprivacy; sourceTree = "<group>"; };
		2B2DE66CC3E6405F90C8BB12 /* OpenSans-Bold.ttf */ = {isa = PBXFileReference; explicitFileType = undefined; fileEncoding = undefined; includeInIndex = 0; lastKnownFileType = unknown; name = "OpenSans-Bold.ttf"; path = "../app/assets/fonts/Open_Sans/OpenSans-Bold.ttf"; sourceTree = "<group>"; };
		2E7761B9E7F7DBC9B6CD5EE1 /* Pods-IPTV.debug.xcconfig */ = {isa = PBXFileReference; includeInIndex = 1; lastKnownFileType = text.xcconfig; name = "Pods-IPTV.debug.xcconfig"; path = "Target Support Files/Pods-IPTV/Pods-IPTV.debug.xcconfig"; sourceTree = "<group>"; };
		328E3D1561DCD0F3B5D3AA97 /* Pods-IPTV.release.xcconfig */ = {isa = PBXFileReference; includeInIndex = 1; lastKnownFileType = text.xcconfig; name = "Pods-IPTV.release.xcconfig"; path = "Target Support Files/Pods-IPTV/Pods-IPTV.release.xcconfig"; sourceTree = "<group>"; };
		3507A512E8E54F52B36716B4 /* SFProDisplay-Light.ttf */ = {isa = PBXFileReference; explicitFileType = undefined; fileEncoding = undefined; includeInIndex = 0; lastKnownFileType = unknown; name = "SFProDisplay-Light.ttf"; path = "../app/assets/fonts/sf-pro-display/SFProDisplay-Light.ttf"; sourceTree = "<group>"; };
		3A2D2A269AEF430599FD6E10 /* SFProDisplay-RegularItalic.ttf */ = {isa = PBXFileReference; explicitFileType = undefined; fileEncoding = undefined; includeInIndex = 0; lastKnownFileType = unknown; name = "SFProDisplay-RegularItalic.ttf"; path = "../app/assets/fonts/sf-pro-display/SFProDisplay-RegularItalic.ttf"; sourceTree = "<group>"; };
		4BB7EF723A764B8B8A069352 /* OpenSans-ExtraBold.ttf */ = {isa = PBXFileReference; explicitFileType = undefined; fileEncoding = undefined; includeInIndex = 0; lastKnownFileType = unknown; name = "OpenSans-ExtraBold.ttf"; path = "../app/assets/fonts/Open_Sans/OpenSans-ExtraBold.ttf"; sourceTree = "<group>"; };
		4C5F3A8588584C32A81B4CA3 /* OpenSans-LightItalic.ttf */ = {isa = PBXFileReference; explicitFileType = undefined; fileEncoding = undefined; includeInIndex = 0; lastKnownFileType = unknown; name = "OpenSans-LightItalic.ttf"; path = "../app/assets/fonts/Open_Sans/OpenSans-LightItalic.ttf"; sourceTree = "<group>"; };
		60363B0B43D04BAFB3C7E5ED /* OpenSans-Italic.ttf */ = {isa = PBXFileReference; explicitFileType = undefined; fileEncoding = undefined; includeInIndex = 0; lastKnownFileType = unknown; name = "OpenSans-Italic.ttf"; path = "../app/assets/fonts/Open_Sans/OpenSans-Italic.ttf"; sourceTree = "<group>"; };
		62D4CC78F34D11B24799C767 /* libPods-IPTV.a */ = {isa = PBXFileReference; explicitFileType = archive.ar; includeInIndex = 0; path = "libPods-IPTV.a"; sourceTree = BUILT_PRODUCTS_DIR; };
		63BC8E3CD2084F59A572BF04 /* OpenSans-ExtraBoldItalic.ttf */ = {isa = PBXFileReference; explicitFileType = undefined; fileEncoding = undefined; includeInIndex = 0; lastKnownFileType = unknown; name = "OpenSans-ExtraBoldItalic.ttf"; path = "../app/assets/fonts/Open_Sans/OpenSans-ExtraBoldItalic.ttf"; sourceTree = "<group>"; };
		761780EC2CA45674006654EE /* AppDelegate.swift */ = {isa = PBXFileReference; lastKnownFileType = sourcecode.swift; name = AppDelegate.swift; path = IPTV/AppDelegate.swift; sourceTree = "<group>"; };
		76EA5F98A67A4060BD1B0F26 /* OpenSans-SemiBoldItalic.ttf */ = {isa = PBXFileReference; explicitFileType = undefined; fileEncoding = undefined; includeInIndex = 0; lastKnownFileType = unknown; name = "OpenSans-SemiBoldItalic.ttf"; path = "../app/assets/fonts/Open_Sans/OpenSans-SemiBoldItalic.ttf"; sourceTree = "<group>"; };
		7CFF71B453E94583A16EB242 /* OpenSans-MediumItalic.ttf */ = {isa = PBXFileReference; explicitFileType = undefined; fileEncoding = undefined; includeInIndex = 0; lastKnownFileType = unknown; name = "OpenSans-MediumItalic.ttf"; path = "../app/assets/fonts/Open_Sans/OpenSans-MediumItalic.ttf"; sourceTree = "<group>"; };
		809EBDADC09E47C082C2101E /* SFProDisplay-Bold.ttf */ = {isa = PBXFileReference; explicitFileType = undefined; fileEncoding = undefined; includeInIndex = 0; lastKnownFileType = unknown; name = "SFProDisplay-Bold.ttf"; path = "../app/assets/fonts/sf-pro-display/SFProDisplay-Bold.ttf"; sourceTree = "<group>"; };
		81AB9BB72411601600AC10FF /* LaunchScreen.storyboard */ = {isa = PBXFileReference; fileEncoding = 4; lastKnownFileType = file.storyboard; name = LaunchScreen.storyboard; path = IPTV/LaunchScreen.storyboard; sourceTree = "<group>"; };
		943A229D07674136BF4B0563 /* SFProDisplay-Black.ttf */ = {isa = PBXFileReference; explicitFileType = undefined; fileEncoding = undefined; includeInIndex = 0; lastKnownFileType = unknown; name = "SFProDisplay-Black.ttf"; path = "../app/assets/fonts/sf-pro-display/SFProDisplay-Black.ttf"; sourceTree = "<group>"; };
		98B37816041A4E099CF7919B /* OpenSans-Medium.ttf */ = {isa = PBXFileReference; explicitFileType = undefined; fileEncoding = undefined; includeInIndex = 0; lastKnownFileType = unknown; name = "OpenSans-Medium.ttf"; path = "../app/assets/fonts/Open_Sans/OpenSans-Medium.ttf"; sourceTree = "<group>"; };
		B511BFB1E55A45E9BFF94F81 /* OpenSans-Light.ttf */ = {isa = PBXFileReference; explicitFileType = undefined; fileEncoding = undefined; includeInIndex = 0; lastKnownFileType = unknown; name = "OpenSans-Light.ttf"; path = "../app/assets/fonts/Open_Sans/OpenSans-Light.ttf"; sourceTree = "<group>"; };
		BE1568C91C004E67B3899581 /* SFProDisplay-Semibold.ttf */ = {isa = PBXFileReference; explicitFileType = undefined; fileEncoding = undefined; includeInIndex = 0; lastKnownFileType = unknown; name = "SFProDisplay-Semibold.ttf"; path = "../app/assets/fonts/sf-pro-display/SFProDisplay-Semibold.ttf"; sourceTree = "<group>"; };
		D6F2F312393B4BECB068DD95 /* OpenSans-BoldItalic.ttf */ = {isa = PBXFileReference; explicitFileType = undefined; fileEncoding = undefined; includeInIndex = 0; lastKnownFileType = unknown; name = "OpenSans-BoldItalic.ttf"; path = "../app/assets/fonts/Open_Sans/OpenSans-BoldItalic.ttf"; sourceTree = "<group>"; };
		E672066884844B20800F9371 /* SFProDisplay-Regular.ttf */ = {isa = PBXFileReference; explicitFileType = undefined; fileEncoding = undefined; includeInIndex = 0; lastKnownFileType = unknown; name = "SFProDisplay-Regular.ttf"; path = "../app/assets/fonts/sf-pro-display/SFProDisplay-Regular.ttf"; sourceTree = "<group>"; };
		ED297162215061F000B7C4FE /* JavaScriptCore.framework */ = {isa = PBXFileReference; lastKnownFileType = wrapper.framework; name = JavaScriptCore.framework; path = System/Library/Frameworks/JavaScriptCore.framework; sourceTree = SDKROOT; };
		F5A047568BF847099ACEE788 /* OpenSans-Regular.ttf */ = {isa = PBXFileReference; explicitFileType = undefined; fileEncoding = undefined; includeInIndex = 0; lastKnownFileType = unknown; name = "OpenSans-Regular.ttf"; path = "../app/assets/fonts/Open_Sans/OpenSans-Regular.ttf"; sourceTree = "<group>"; };
		F5C8C37E7EE44BCD92590A1D /* OpenSans-SemiBold.ttf */ = {isa = PBXFileReference; explicitFileType = undefined; fileEncoding = undefined; includeInIndex = 0; lastKnownFileType = unknown; name = "OpenSans-SemiBold.ttf"; path = "../app/assets/fonts/Open_Sans/OpenSans-SemiBold.ttf"; sourceTree = "<group>"; };
/* End PBXFileReference section */

/* Begin PBXFrameworksBuildPhase section */
		13B07F8C1A680F5B00A75B9A /* Frameworks */ = {
			isa = PBXFrameworksBuildPhase;
			buildActionMask = 2147483647;
			files = (
				BEEEFF9D1BF2370031548937 /* libPods-IPTV.a in Frameworks */,
			);
			runOnlyForDeploymentPostprocessing = 0;
		};
/* End PBXFrameworksBuildPhase section */

/* Begin PBXGroup section */
		13B07FAE1A68108700A75B9A /* IPTV */ = {
			isa = PBXGroup;
			children = (
				13B07FB51A68108700A75B9A /* Images.xcassets */,
				761780EC2CA45674006654EE /* AppDelegate.swift */,
				13B07FB61A68108700A75B9A /* Info.plist */,
				81AB9BB72411601600AC10FF /* LaunchScreen.storyboard */,
				13B07FB81A68108700A75B9A /* PrivacyInfo.xcprivacy */,
			);
			name = IPTV;
			sourceTree = "<group>";
		};
		2D16E6871FA4F8E400B85C8A /* Frameworks */ = {
			isa = PBXGroup;
			children = (
				ED297162215061F000B7C4FE /* JavaScriptCore.framework */,
				62D4CC78F34D11B24799C767 /* libPods-IPTV.a */,
			);
			name = Frameworks;
			sourceTree = "<group>";
		};
		832341AE1AAA6A7D00B99B32 /* Libraries */ = {
			isa = PBXGroup;
			children = (
			);
			name = Libraries;
			sourceTree = "<group>";
		};
		83CBB9F61A601CBA00E9B192 = {
			isa = PBXGroup;
			children = (
				13B07FAE1A68108700A75B9A /* IPTV */,
				832341AE1AAA6A7D00B99B32 /* Libraries */,
				83CBBA001A601CBA00E9B192 /* Products */,
				2D16E6871FA4F8E400B85C8A /* Frameworks */,
				BBD78D7AC51CEA395F1C20DB /* Pods */,
				DE4EBBF60B654AEBB0A95015 /* Resources */,
			);
			indentWidth = 2;
			sourceTree = "<group>";
			tabWidth = 2;
			usesTabs = 0;
		};
		83CBBA001A601CBA00E9B192 /* Products */ = {
			isa = PBXGroup;
			children = (
				13B07F961A680F5B00A75B9A /* IPTV.app */,
			);
			name = Products;
			sourceTree = "<group>";
		};
		BBD78D7AC51CEA395F1C20DB /* Pods */ = {
			isa = PBXGroup;
			children = (
				2E7761B9E7F7DBC9B6CD5EE1 /* Pods-IPTV.debug.xcconfig */,
				328E3D1561DCD0F3B5D3AA97 /* Pods-IPTV.release.xcconfig */,
			);
			path = Pods;
			sourceTree = "<group>";
		};
		DE4EBBF60B654AEBB0A95015 /* Resources */ = {
			isa = PBXGroup;
			children = (
				2B2DE66CC3E6405F90C8BB12 /* OpenSans-Bold.ttf */,
				D6F2F312393B4BECB068DD95 /* OpenSans-BoldItalic.ttf */,
				4BB7EF723A764B8B8A069352 /* OpenSans-ExtraBold.ttf */,
				63BC8E3CD2084F59A572BF04 /* OpenSans-ExtraBoldItalic.ttf */,
				60363B0B43D04BAFB3C7E5ED /* OpenSans-Italic.ttf */,
				B511BFB1E55A45E9BFF94F81 /* OpenSans-Light.ttf */,
				4C5F3A8588584C32A81B4CA3 /* OpenSans-LightItalic.ttf */,
				98B37816041A4E099CF7919B /* OpenSans-Medium.ttf */,
				7CFF71B453E94583A16EB242 /* OpenSans-MediumItalic.ttf */,
				F5A047568BF847099ACEE788 /* OpenSans-Regular.ttf */,
				F5C8C37E7EE44BCD92590A1D /* OpenSans-SemiBold.ttf */,
				76EA5F98A67A4060BD1B0F26 /* OpenSans-SemiBoldItalic.ttf */,
				943A229D07674136BF4B0563 /* SFProDisplay-Black.ttf */,
				809EBDADC09E47C082C2101E /* SFProDisplay-Bold.ttf */,
				3507A512E8E54F52B36716B4 /* SFProDisplay-Light.ttf */,
				0CC8C0F676F0416592F93F61 /* SFProDisplay-Medium.ttf */,
				E672066884844B20800F9371 /* SFProDisplay-Regular.ttf */,
				3A2D2A269AEF430599FD6E10 /* SFProDisplay-RegularItalic.ttf */,
				BE1568C91C004E67B3899581 /* SFProDisplay-Semibold.ttf */,
				0E7ADF803A134BC28D98F4F1 /* SFProDisplay-Thin.ttf */,
			);
			name = Resources;
			path = "";
			sourceTree = "<group>";
		};
/* End PBXGroup section */

/* Begin PBXNativeTarget section */
		13B07F861A680F5B00A75B9A /* IPTV */ = {
			isa = PBXNativeTarget;
			buildConfigurationList = 13B07F931A680F5B00A75B9A /* Build configuration list for PBXNativeTarget "IPTV" */;
			buildPhases = (
				2998D054E4687D43AB72866D /* [CP] Check Pods Manifest.lock */,
				13B07F871A680F5B00A75B9A /* Sources */,
				13B07F8C1A680F5B00A75B9A /* Frameworks */,
				13B07F8E1A680F5B00A75B9A /* Resources */,
				00DD1BFF1BD5951E006B06BC /* Bundle React Native code and images */,
				88923C941B1ED45D6291DD22 /* [CP] Embed Pods Frameworks */,
				B11B4C6A1A4A241AFE543E4E /* [CP] Copy Pods Resources */,
			);
			buildRules = (
			);
			dependencies = (
			);
			name = IPTV;
			productName = IPTV;
			productReference = 13B07F961A680F5B00A75B9A /* IPTV.app */;
			productType = "com.apple.product-type.application";
		};
/* End PBXNativeTarget section */

/* Begin PBXProject section */
		83CBB9F71A601CBA00E9B192 /* Project object */ = {
			isa = PBXProject;
			attributes = {
				LastUpgradeCheck = 1210;
				TargetAttributes = {
					13B07F861A680F5B00A75B9A = {
						LastSwiftMigration = 1120;
					};
				};
			};
			buildConfigurationList = 83CBB9FA1A601CBA00E9B192 /* Build configuration list for PBXProject "IPTV" */;
			compatibilityVersion = "Xcode 12.0";
			developmentRegion = en;
			hasScannedForEncodings = 0;
			knownRegions = (
				en,
				Base,
			);
			mainGroup = 83CBB9F61A601CBA00E9B192;
			productRefGroup = 83CBBA001A601CBA00E9B192 /* Products */;
			projectDirPath = "";
			projectRoot = "";
			targets = (
				13B07F861A680F5B00A75B9A /* IPTV */,
			);
		};
/* End PBXProject section */

/* Begin PBXResourcesBuildPhase section */
		13B07F8E1A680F5B00A75B9A /* Resources */ = {
			isa = PBXResourcesBuildPhase;
			buildActionMask = 2147483647;
			files = (
				81AB9BB82411601600AC10FF /* LaunchScreen.storyboard in Resources */,
				13B07FBF1A68108700A75B9A /* Images.xcassets in Resources */,
				95C38E87EC3648D986090E34 /* OpenSans-Bold.ttf in Resources */,
				51FCB9C7CF95428683040147 /* OpenSans-BoldItalic.ttf in Resources */,
				70D1471A305D4CB18D9D220B /* OpenSans-ExtraBold.ttf in Resources */,
				50C4208CE6924101BA1D12D1 /* OpenSans-ExtraBoldItalic.ttf in Resources */,
				09C1D3B9BF9D4295B8719721 /* OpenSans-Italic.ttf in Resources */,
				F3BC9DD985D74A0C9B23B10C /* OpenSans-Light.ttf in Resources */,
				61C4EDC5353244B6BDAD91E1 /* OpenSans-LightItalic.ttf in Resources */,
				40EB2D7074C8445BA843D4F3 /* OpenSans-Medium.ttf in Resources */,
				4651A0904DA74C438D152C73 /* OpenSans-MediumItalic.ttf in Resources */,
				9B136A00C213446BB68F9850 /* OpenSans-Regular.ttf in Resources */,
				68C7A21AB4F042C1B20CEEED /* OpenSans-SemiBold.ttf in Resources */,
				FE3F4D501659496590171C38 /* OpenSans-SemiBoldItalic.ttf in Resources */,
				237AE964CFB24566A80D8F70 /* SFProDisplay-Black.ttf in Resources */,
				881ED144D0644D8087638172 /* SFProDisplay-Bold.ttf in Resources */,
				FC79C9425E1A49C6B79AAED8 /* SFProDisplay-Light.ttf in Resources */,
				9C2C5377CA0442658E735249 /* SFProDisplay-Medium.ttf in Resources */,
				A6C8F495E4804D20960BDE8D /* SFProDisplay-Regular.ttf in Resources */,
				C902AB9322FB4A9EB4586C7F /* SFProDisplay-RegularItalic.ttf in Resources */,
				35722E07156E4659A8CCB33E /* SFProDisplay-Semibold.ttf in Resources */,
				BFDECC06911146AE84731FC7 /* SFProDisplay-Thin.ttf in Resources */,
				0012EA8AD9E97B1529898BE3 /* PrivacyInfo.xcprivacy in Resources */,
			);
			runOnlyForDeploymentPostprocessing = 0;
		};
/* End PBXResourcesBuildPhase section */

/* Begin PBXShellScriptBuildPhase section */
		00DD1BFF1BD5951E006B06BC /* Bundle React Native code and images */ = {
			isa = PBXShellScriptBuildPhase;
			buildActionMask = 2147483647;
			files = (
			);
			inputPaths = (
				"$(SRCROOT)/.xcode.env.local",
				"$(SRCROOT)/.xcode.env",
			);
			name = "Bundle React Native code and images";
			outputPaths = (
			);
			runOnlyForDeploymentPostprocessing = 0;
			shellPath = /bin/sh;
			shellScript = "set -e\n\nWITH_ENVIRONMENT=\"$REACT_NATIVE_PATH/scripts/xcode/with-environment.sh\"\nREACT_NATIVE_XCODE=\"$REACT_NATIVE_PATH/scripts/react-native-xcode.sh\"\n\n/bin/sh -c \"$WITH_ENVIRONMENT $REACT_NATIVE_XCODE\"\n";
		};
		2998D054E4687D43AB72866D /* [CP] Check Pods Manifest.lock */ = {
			isa = PBXShellScriptBuildPhase;
			buildActionMask = 2147483647;
			files = (
			);
			inputFileListPaths = (
			);
			inputPaths = (
				"${PODS_PODFILE_DIR_PATH}/Podfile.lock",
				"${PODS_ROOT}/Manifest.lock",
			);
			name = "[CP] Check Pods Manifest.lock";
			outputFileListPaths = (
			);
			outputPaths = (
				"$(DERIVED_FILE_DIR)/Pods-IPTV-checkManifestLockResult.txt",
			);
			runOnlyForDeploymentPostprocessing = 0;
			shellPath = /bin/sh;
			shellScript = "diff \"${PODS_PODFILE_DIR_PATH}/Podfile.lock\" \"${PODS_ROOT}/Manifest.lock\" > /dev/null\nif [ $? != 0 ] ; then\n    # print error to STDERR\n    echo \"error: The sandbox is not in sync with the Podfile.lock. Run 'pod install' or update your CocoaPods installation.\" >&2\n    exit 1\nfi\n# This output is used by Xcode 'outputs' to avoid re-running this script phase.\necho \"SUCCESS\" > \"${SCRIPT_OUTPUT_FILE_0}\"\n";
			showEnvVarsInLog = 0;
		};
		88923C941B1ED45D6291DD22 /* [CP] Embed Pods Frameworks */ = {
			isa = PBXShellScriptBuildPhase;
			buildActionMask = 2147483647;
			files = (
			);
			inputFileListPaths = (
				"${PODS_ROOT}/Target Support Files/Pods-IPTV/Pods-IPTV-frameworks-${CONFIGURATION}-input-files.xcfilelist",
			);
			name = "[CP] Embed Pods Frameworks";
			outputFileListPaths = (
				"${PODS_ROOT}/Target Support Files/Pods-IPTV/Pods-IPTV-frameworks-${CONFIGURATION}-output-files.xcfilelist",
			);
			runOnlyForDeploymentPostprocessing = 0;
			shellPath = /bin/sh;
			shellScript = "\"${PODS_ROOT}/Target Support Files/Pods-IPTV/Pods-IPTV-frameworks.sh\"\n";
			showEnvVarsInLog = 0;
		};
		B11B4C6A1A4A241AFE543E4E /* [CP] Copy Pods Resources */ = {
			isa = PBXShellScriptBuildPhase;
			buildActionMask = 2147483647;
			files = (
			);
			inputFileListPaths = (
				"${PODS_ROOT}/Target Support Files/Pods-IPTV/Pods-IPTV-resources-${CONFIGURATION}-input-files.xcfilelist",
			);
			name = "[CP] Copy Pods Resources";
			outputFileListPaths = (
				"${PODS_ROOT}/Target Support Files/Pods-IPTV/Pods-IPTV-resources-${CONFIGURATION}-output-files.xcfilelist",
			);
			runOnlyForDeploymentPostprocessing = 0;
			shellPath = /bin/sh;
			shellScript = "\"${PODS_ROOT}/Target Support Files/Pods-IPTV/Pods-IPTV-resources.sh\"\n";
			showEnvVarsInLog = 0;
		};
/* End PBXShellScriptBuildPhase section */

/* Begin PBXSourcesBuildPhase section */
		13B07F871A680F5B00A75B9A /* Sources */ = {
			isa = PBXSourcesBuildPhase;
			buildActionMask = 2147483647;
			files = (
				761780ED2CA45674006654EE /* AppDelegate.swift in Sources */,
			);
			runOnlyForDeploymentPostprocessing = 0;
		};
/* End PBXSourcesBuildPhase section */

/* Begin XCBuildConfiguration section */
		13B07F941A680F5B00A75B9A /* Debug */ = {
			isa = XCBuildConfiguration;
			baseConfigurationReference = 2E7761B9E7F7DBC9B6CD5EE1 /* Pods-IPTV.debug.xcconfig */;
			buildSettings = {
				ASSETCATALOG_COMPILER_APPICON_NAME = AppIcon;
				CLANG_ENABLE_MODULES = YES;
				CURRENT_PROJECT_VERSION = 1;
				ENABLE_BITCODE = NO;
				INFOPLIST_FILE = IPTV/Info.plist;
				IPHONEOS_DEPLOYMENT_TARGET = 15.1;
				LD_RUNPATH_SEARCH_PATHS = (
					"$(inherited)",
					"@executable_path/Frameworks",
				);
				MARKETING_VERSION = 1.0;
				OTHER_LDFLAGS = (
					"$(inherited)",
					"-ObjC",
					"-lc++",
				);
				PRODUCT_BUNDLE_IDENTIFIER = "org.reactjs.native.example.$(PRODUCT_NAME:rfc1034identifier)";
				PRODUCT_NAME = IPTV;
				SWIFT_OPTIMIZATION_LEVEL = "-Onone";
				SWIFT_VERSION = 5.0;
				VERSIONING_SYSTEM = "apple-generic";
			};
			name = Debug;
		};
		13B07F951A680F5B00A75B9A /* Release */ = {
			isa = XCBuildConfiguration;
			baseConfigurationReference = 328E3D1561DCD0F3B5D3AA97 /* Pods-IPTV.release.xcconfig */;
			buildSettings = {
				ASSETCATALOG_COMPILER_APPICON_NAME = AppIcon;
				CLANG_ENABLE_MODULES = YES;
				CURRENT_PROJECT_VERSION = 1;
				INFOPLIST_FILE = IPTV/Info.plist;
				IPHONEOS_DEPLOYMENT_TARGET = 15.1;
				LD_RUNPATH_SEARCH_PATHS = (
					"$(inherited)",
					"@executable_path/Frameworks",
				);
				MARKETING_VERSION = 1.0;
				OTHER_LDFLAGS = (
					"$(inherited)",
					"-ObjC",
					"-lc++",
				);
				PRODUCT_BUNDLE_IDENTIFIER = "org.reactjs.native.example.$(PRODUCT_NAME:rfc1034identifier)";
				PRODUCT_NAME = IPTV;
				SWIFT_VERSION = 5.0;
				VERSIONING_SYSTEM = "apple-generic";
			};
			name = Release;
		};
		83CBBA201A601CBA00E9B192 /* Debug */ = {
			isa = XCBuildConfiguration;
			buildSettings = {
				ALWAYS_SEARCH_USER_PATHS = NO;
				CLANG_ANALYZER_LOCALIZABILITY_NONLOCALIZED = YES;
				CLANG_CXX_LANGUAGE_STANDARD = "c++20";
				CLANG_CXX_LIBRARY = "libc++";
				CLANG_ENABLE_MODULES = YES;
				CLANG_ENABLE_OBJC_ARC = YES;
				CLANG_WARN_BLOCK_CAPTURE_AUTORELEASING = YES;
				CLANG_WARN_BOOL_CONVERSION = YES;
				CLANG_WARN_COMMA = YES;
				CLANG_WARN_CONSTANT_CONVERSION = YES;
				CLANG_WARN_DEPRECATED_OBJC_IMPLEMENTATIONS = YES;
				CLANG_WARN_DIRECT_OBJC_ISA_USAGE = YES_ERROR;
				CLANG_WARN_EMPTY_BODY = YES;
				CLANG_WARN_ENUM_CONVERSION = YES;
				CLANG_WARN_INFINITE_RECURSION = YES;
				CLANG_WARN_INT_CONVERSION = YES;
				CLANG_WARN_NON_LITERAL_NULL_CONVERSION = YES;
				CLANG_WARN_OBJC_IMPLICIT_RETAIN_SELF = YES;
				CLANG_WARN_OBJC_LITERAL_CONVERSION = YES;
				CLANG_WARN_OBJC_ROOT_CLASS = YES_ERROR;
				CLANG_WARN_QUOTED_INCLUDE_IN_FRAMEWORK_HEADER = YES;
				CLANG_WARN_RANGE_LOOP_ANALYSIS = YES;
				CLANG_WARN_STRICT_PROTOTYPES = YES;
				CLANG_WARN_SUSPICIOUS_MOVE = YES;
				CLANG_WARN_UNREACHABLE_CODE = YES;
				CLANG_WARN__DUPLICATE_METHOD_MATCH = YES;
				"CODE_SIGN_IDENTITY[sdk=iphoneos*]" = "iPhone Developer";
				COPY_PHASE_STRIP = NO;
				ENABLE_STRICT_OBJC_MSGSEND = YES;
				ENABLE_TESTABILITY = YES;
				"EXCLUDED_ARCHS[sdk=iphonesimulator*]" = "";
				GCC_C_LANGUAGE_STANDARD = gnu99;
				GCC_DYNAMIC_NO_PIC = NO;
				GCC_NO_COMMON_BLOCKS = YES;
				GCC_OPTIMIZATION_LEVEL = 0;
				GCC_PREPROCESSOR_DEFINITIONS = (
					"DEBUG=1",
					"$(inherited)",
				);
				GCC_SYMBOLS_PRIVATE_EXTERN = NO;
				GCC_WARN_64_TO_32_BIT_CONVERSION = YES;
				GCC_WARN_ABOUT_RETURN_TYPE = YES_ERROR;
				GCC_WARN_UNDECLARED_SELECTOR = YES;
				GCC_WARN_UNINITIALIZED_AUTOS = YES_AGGRESSIVE;
				GCC_WARN_UNUSED_FUNCTION = YES;
				GCC_WARN_UNUSED_VARIABLE = YES;
				IPHONEOS_DEPLOYMENT_TARGET = 15.1;
				LD_RUNPATH_SEARCH_PATHS = (
					/usr/lib/swift,
					"$(inherited)",
				);
				LIBRARY_SEARCH_PATHS = (
					"\"$(SDKROOT)/usr/lib/swift\"",
					"\"$(TOOLCHAIN_DIR)/usr/lib/swift/$(PLATFORM_NAME)\"",
					"\"$(inherited)\"",
				);
				MTL_ENABLE_DEBUG_INFO = YES;
				ONLY_ACTIVE_ARCH = YES;
				OTHER_CPLUSPLUSFLAGS = (
					"$(OTHER_CFLAGS)",
					"-DFOLLY_NO_CONFIG",
					"-DFOLLY_MOBILE=1",
					"-DFOLLY_USE_LIBCPP=1",
					"-DFOLLY_CFG_NO_COROUTINES=1",
					"-DFOLLY_HAVE_CLOCK_GETTIME=1",
				);
				REACT_NATIVE_PATH = "${PODS_ROOT}/../../node_modules/react-native";
				SDKROOT = iphoneos;
				SWIFT_ACTIVE_COMPILATION_CONDITIONS = "$(inherited) DEBUG";
				USE_HERMES = true;
			};
			name = Debug;
		};
		83CBBA211A601CBA00E9B192 /* Release */ = {
			isa = XCBuildConfiguration;
			buildSettings = {
				ALWAYS_SEARCH_USER_PATHS = NO;
				CLANG_ANALYZER_LOCALIZABILITY_NONLOCALIZED = YES;
				CLANG_CXX_LANGUAGE_STANDARD = "c++20";
				CLANG_CXX_LIBRARY = "libc++";
				CLANG_ENABLE_MODULES = YES;
				CLANG_ENABLE_OBJC_ARC = YES;
				CLANG_WARN_BLOCK_CAPTURE_AUTORELEASING = YES;
				CLANG_WARN_BOOL_CONVERSION = YES;
				CLANG_WARN_COMMA = YES;
				CLANG_WARN_CONSTANT_CONVERSION = YES;
				CLANG_WARN_DEPRECATED_OBJC_IMPLEMENTATIONS = YES;
				CLANG_WARN_DIRECT_OBJC_ISA_USAGE = YES_ERROR;
				CLANG_WARN_EMPTY_BODY = YES;
				CLANG_WARN_ENUM_CONVERSION = YES;
				CLANG_WARN_INFINITE_RECURSION = YES;
				CLANG_WARN_INT_CONVERSION = YES;
				CLANG_WARN_NON_LITERAL_NULL_CONVERSION = YES;
				CLANG_WARN_OBJC_IMPLICIT_RETAIN_SELF = YES;
				CLANG_WARN_OBJC_LITERAL_CONVERSION = YES;
				CLANG_WARN_OBJC_ROOT_CLASS = YES_ERROR;
				CLANG_WARN_QUOTED_INCLUDE_IN_FRAMEWORK_HEADER = YES;
				CLANG_WARN_RANGE_LOOP_ANALYSIS = YES;
				CLANG_WARN_STRICT_PROTOTYPES = YES;
				CLANG_WARN_SUSPICIOUS_MOVE = YES;
				CLANG_WARN_UNREACHABLE_CODE = YES;
				CLANG_WARN__DUPLICATE_METHOD_MATCH = YES;
				"CODE_SIGN_IDENTITY[sdk=iphoneos*]" = "iPhone Developer";
				COPY_PHASE_STRIP = YES;
				ENABLE_NS_ASSERTIONS = NO;
				ENABLE_STRICT_OBJC_MSGSEND = YES;
				"EXCLUDED_ARCHS[sdk=iphonesimulator*]" = "";
				GCC_C_LANGUAGE_STANDARD = gnu99;
				GCC_NO_COMMON_BLOCKS = YES;
				GCC_WARN_64_TO_32_BIT_CONVERSION = YES;
				GCC_WARN_ABOUT_RETURN_TYPE = YES_ERROR;
				GCC_WARN_UNDECLARED_SELECTOR = YES;
				GCC_WARN_UNINITIALIZED_AUTOS = YES_AGGRESSIVE;
				GCC_WARN_UNUSED_FUNCTION = YES;
				GCC_WARN_UNUSED_VARIABLE = YES;
				IPHONEOS_DEPLOYMENT_TARGET = 15.1;
				LD_RUNPATH_SEARCH_PATHS = (
					/usr/lib/swift,
					"$(inherited)",
				);
				LIBRARY_SEARCH_PATHS = (
					"\"$(SDKROOT)/usr/lib/swift\"",
					"\"$(TOOLCHAIN_DIR)/usr/lib/swift/$(PLATFORM_NAME)\"",
					"\"$(inherited)\"",
				);
				MTL_ENABLE_DEBUG_INFO = NO;
				OTHER_CPLUSPLUSFLAGS = (
					"$(OTHER_CFLAGS)",
					"-DFOLLY_NO_CONFIG",
					"-DFOLLY_MOBILE=1",
					"-DFOLLY_USE_LIBCPP=1",
					"-DFOLLY_CFG_NO_COROUTINES=1",
					"-DFOLLY_HAVE_CLOCK_GETTIME=1",
				);
				REACT_NATIVE_PATH = "${PODS_ROOT}/../../node_modules/react-native";
				SDKROOT = iphoneos;
				USE_HERMES = true;
				VALIDATE_PRODUCT = YES;
			};
			name = Release;
		};
/* End XCBuildConfiguration section */

/* Begin XCConfigurationList section */
		13B07F931A680F5B00A75B9A /* Build configuration list for PBXNativeTarget "IPTV" */ = {
			isa = XCConfigurationList;
			buildConfigurations = (
				13B07F941A680F5B00A75B9A /* Debug */,
				13B07F951A680F5B00A75B9A /* Release */,
			);
			defaultConfigurationIsVisible = 0;
			defaultConfigurationName = Release;
		};
		83CBB9FA1A601CBA00E9B192 /* Build configuration list for PBXProject "IPTV" */ = {
			isa = XCConfigurationList;
			buildConfigurations = (
				83CBBA201A601CBA00E9B192 /* Debug */,
				83CBBA211A601CBA00E9B192 /* Release */,
			);
			defaultConfigurationIsVisible = 0;
			defaultConfigurationName = Release;
		};
/* End XCConfigurationList section */
	};
	rootObject = 83CBB9F71A601CBA00E9B192 /* Project object */;
}
